Microsoft Visual Studio Solution File, Format Version 12.00
# Visual Studio Version 17
VisualStudioVersion = 17.12.35514.174
MinimumVisualStudioVersion = 10.0.40219.1
Project("{FAE04EC0-301F-11D3-BF4B-00C04F79EFBC}") = "Portajel", "Portajel\Portajel.csproj", "{27D62199-6ADD-47CA-8427-FCA81359010B}"
EndProject
Project("{FAE04EC0-301F-11D3-BF4B-00C04F79EFBC}") = "Portajel.Droid", "Portajel.Droid\Portajel.Droid.csproj", "{EBA072A9-1D54-4362-B338-1E7958B88743}"
EndProject
Project("{FAE04EC0-301F-11D3-BF4B-00C04F79EFBC}") = "Portajel.iOS", "Portajel.iOS\Portajel.iOS.csproj", "{1FCB2E26-D88F-48CC-89F3-E93A7336D241}"
EndProject
Project("{FAE04EC0-301F-11D3-BF4B-00C04F79EFBC}") = "Portajel.Mac", "Portajel.Mac\Portajel.Mac.csproj", "{B591EBFA-48AC-4456-AB05-9A86D403F4A7}"
EndProject
Project("{FAE04EC0-301F-11D3-BF4B-00C04F79EFBC}") = "Portajel.WinUI", "Portajel.WinUI\Portajel.WinUI.csproj", "{9A305133-D142-4114-AD9C-522E94B8BB32}"
EndProject
Project("{FAE04EC0-301F-11D3-BF4B-00C04F79EFBC}") = "Portajel.Connections", "Portajel.Connections\Portajel.Connections.csproj", "{0D880C15-A02B-44B9-9B55-53A4A1141621}"
EndProject
Global
	GlobalSection(SolutionConfigurationPlatforms) = preSolution
		Debug|Any CPU = Debug|Any CPU
		Release|Any CPU = Release|Any CPU
	EndGlobalSection
	GlobalSection(ProjectConfigurationPlatforms) = postSolution
		{27D62199-6ADD-47CA-8427-FCA81359010B}.Debug|Any CPU.ActiveCfg = Debug|Any CPU
		{27D62199-6ADD-47CA-8427-FCA81359010B}.Debug|Any CPU.Build.0 = Debug|Any CPU
		{27D62199-6ADD-47CA-8427-FCA81359010B}.Release|Any CPU.ActiveCfg = Release|Any CPU
		{27D62199-6ADD-47CA-8427-FCA81359010B}.Release|Any CPU.Build.0 = Release|Any CPU
		{EBA072A9-1D54-4362-B338-1E7958B88743}.Debug|Any CPU.ActiveCfg = Debug|Any CPU
		{EBA072A9-1D54-4362-B338-1E7958B88743}.Debug|Any CPU.Build.0 = Debug|Any CPU
		{EBA072A9-1D54-4362-B338-1E7958B88743}.Debug|Any CPU.Deploy.0 = Debug|Any CPU
		{EBA072A9-1D54-4362-B338-1E7958B88743}.Release|Any CPU.ActiveCfg = Release|Any CPU
		{EBA072A9-1D54-4362-B338-1E7958B88743}.Release|Any CPU.Build.0 = Release|Any CPU
		{EBA072A9-1D54-4362-B338-1E7958B88743}.Release|Any CPU.Deploy.0 = Release|Any CPU
		{1FCB2E26-D88F-48CC-89F3-E93A7336D241}.Debug|Any CPU.ActiveCfg = Debug|Any CPU
		{1FCB2E26-D88F-48CC-89F3-E93A7336D241}.Debug|Any CPU.Build.0 = Debug|Any CPU
		{1FCB2E26-D88F-48CC-89F3-E93A7336D241}.Debug|Any CPU.Deploy.0 = Debug|Any CPU
		{1FCB2E26-D88F-48CC-89F3-E93A7336D241}.Release|Any CPU.ActiveCfg = Release|Any CPU
		{1FCB2E26-D88F-48CC-89F3-E93A7336D241}.Release|Any CPU.Build.0 = Release|Any CPU
		{1FCB2E26-D88F-48CC-89F3-E93A7336D241}.Release|Any CPU.Deploy.0 = Release|Any CPU
		{B591EBFA-48AC-4456-AB05-9A86D403F4A7}.Debug|Any CPU.ActiveCfg = Debug|Any CPU
		{B591EBFA-48AC-4456-AB05-9A86D403F4A7}.Debug|Any CPU.Build.0 = Debug|Any CPU
		{B591EBFA-48AC-4456-AB05-9A86D403F4A7}.Debug|Any CPU.Deploy.0 = Debug|Any CPU
		{B591EBFA-48AC-4456-AB05-9A86D403F4A7}.Release|Any CPU.ActiveCfg = Release|Any CPU
		{B591EBFA-48AC-4456-AB05-9A86D403F4A7}.Release|Any CPU.Build.0 = Release|Any CPU
		{B591EBFA-48AC-4456-AB05-9A86D403F4A7}.Release|Any CPU.Deploy.0 = Release|Any CPU
		{9A305133-D142-4114-AD9C-522E94B8BB32}.Debug|Any CPU.ActiveCfg = Debug|x64
		{9A305133-D142-4114-AD9C-522E94B8BB32}.Debug|Any CPU.Build.0 = Debug|x64
		{9A305133-D142-4114-AD9C-522E94B8BB32}.Release|Any CPU.ActiveCfg = Release|x64
		{9A305133-D142-4114-AD9C-522E94B8BB32}.Release|Any CPU.Build.0 = Release|x64
		{0D880C15-A02B-44B9-9B55-53A4A1141621}.Debug|Any CPU.ActiveCfg = Debug|Any CPU
		{0D880C15-A02B-44B9-9B55-53A4A1141621}.Debug|Any CPU.Build.0 = Debug|Any CPU
		{0D880C15-A02B-44B9-9B55-53A4A1141621}.Release|Any CPU.ActiveCfg = Release|Any CPU
		{0D880C15-A02B-44B9-9B55-53A4A1141621}.Release|Any CPU.Build.0 = Release|Any CPU
	EndGlobalSection
	GlobalSection(SolutionProperties) = preSolution
		HideSolutionNode = FALSE
	EndGlobalSection
EndGlobal
